
Microsoft Visual Studio Solution File, Format Version 12.00
# Visual Studio Version 17
VisualStudioVersion = 17.9.34607.119
MinimumVisualStudioVersion = 10.0.40219.1
Project("{FAE04EC0-301F-11D3-BF4B-00C04F79EFBC}") = "Beny", "Beny\Beny.csproj", "{F92CF997-8FA0-4FBA-A77B-C6D82FC1EEC2}"
EndProject
Global
	GlobalSection(SolutionConfigurationPlatforms) = preSolution
		Debug|Any CPU = Debug|Any CPU
		Release|Any CPU = Release|Any CPU
	EndGlobalSection
	GlobalSection(ProjectConfigurationPlatforms) = postSolution
		{F92CF997-8FA0-4FBA-A77B-C6D82FC1EEC2}.Debug|Any CPU.ActiveCfg = Debug|Any CPU
		{F92CF997-8FA0-4FBA-A77B-C6D82FC1EEC2}.Debug|Any CPU.Build.0 = Debug|Any CPU
		{F92CF997-8FA0-4FBA-A77B-C6D82FC1EEC2}.Release|Any CPU.ActiveCfg = Release|Any CPU
		{F92CF997-8FA0-4FBA-A77B-C6D82FC1EEC2}.Release|Any CPU.Build.0 = Release|Any CPU
	EndGlobalSection
	GlobalSection(SolutionProperties) = preSolution
		HideSolutionNode = FALSE
	EndGlobalSection
	GlobalSection(ExtensibilityGlobals) = postSolution
		SolutionGuid = {4B5E87FA-7FC1-42A2-A397-77ADACD6986A}
	EndGlobalSection
EndGlobal
